
Microsoft Visual Studio Solution File, Format Version 12.00
# Visual Studio Version 17
VisualStudioVersion = 17.14.36221.1 d17.14
MinimumVisualStudioVersion = 10.0.40219.1
Project("{FAE04EC0-301F-11D3-BF4B-00C04F79EFBC}") = "task4", "task4.csproj", "{9C090E2D-C5A0-424F-8D91-C51380A350EE}"
EndProject
Global
	GlobalSection(SolutionConfigurationPlatforms) = preSolution
		Debug|Any CPU = Debug|Any CPU
		Release|Any CPU = Release|Any CPU
	EndGlobalSection
	GlobalSection(ProjectConfigurationPlatforms) = postSolution
		{9C090E2D-C5A0-424F-8D91-C51380A350EE}.Debug|Any CPU.ActiveCfg = Debug|Any CPU
		{9C090E2D-C5A0-424F-8D91-C51380A350EE}.Debug|Any CPU.Build.0 = Debug|Any CPU
		{9C090E2D-C5A0-424F-8D91-C51380A350EE}.Release|Any CPU.ActiveCfg = Release|Any CPU
		{9C090E2D-C5A0-424F-8D91-C51380A350EE}.Release|Any CPU.Build.0 = Release|Any CPU
	EndGlobalSection
	GlobalSection(SolutionProperties) = preSolution
		HideSolutionNode = FALSE
	EndGlobalSection
	GlobalSection(ExtensibilityGlobals) = postSolution
		SolutionGuid = {278D0B97-B7EA-461D-9DB2-B8B5C9FDCCCA}
	EndGlobalSection
EndGlobal
