
Microsoft Visual Studio Solution File, Format Version 12.00
# Visual Studio Version 17
VisualStudioVersion = 17.14.36301.6 d17.14
MinimumVisualStudioVersion = 10.0.40219.1
Project("{FAE04EC0-301F-11D3-BF4B-00C04F79EFBC}") = "task5", "task5.csproj", "{BFF81702-880C-4281-8E78-7BE88E385857}"
EndProject
Global
	GlobalSection(SolutionConfigurationPlatforms) = preSolution
		Debug|Any CPU = Debug|Any CPU
		Release|Any CPU = Release|Any CPU
	EndGlobalSection
	GlobalSection(ProjectConfigurationPlatforms) = postSolution
		{BFF81702-880C-4281-8E78-7BE88E385857}.Debug|Any CPU.ActiveCfg = Debug|Any CPU
		{BFF81702-880C-4281-8E78-7BE88E385857}.Debug|Any CPU.Build.0 = Debug|Any CPU
		{BFF81702-880C-4281-8E78-7BE88E385857}.Release|Any CPU.ActiveCfg = Release|Any CPU
		{BFF81702-880C-4281-8E78-7BE88E385857}.Release|Any CPU.Build.0 = Release|Any CPU
	EndGlobalSection
	GlobalSection(SolutionProperties) = preSolution
		HideSolutionNode = FALSE
	EndGlobalSection
	GlobalSection(ExtensibilityGlobals) = postSolution
		SolutionGuid = {B226C861-E334-4112-A57D-C9E95C4CD76D}
	EndGlobalSection
EndGlobal
